<Solution>
  <Folder Name="/Task0/">
    <Project Path="Tyuiu.PonkratevMM.Sprint1.Task0.V6.Lib/Tyuiu.PonkratevMM.Sprint1.Task0.V6.Lib.csproj" />
    <Project Path="Tyuiu.PonkratevMM.Sprint1.Task0.V6.Test/Tyuiu.PonkratevMM.Sprint1.Task0.V6.Test.csproj" />
    <Project Path="Tyuiu.PonkratevMM.Sprint1.Task0.V6/Tyuiu.PonkratevMM.Sprint1.Task0.V6.csproj" />
  </Folder>
  <Folder Name="/Task1/">
    <Project Path="Tyuiu.PonkratevMM.Sprint1.Task1.V27.Lib/Tyuiu.PonkratevMM.Sprint1.Task1.V27.Lib.csproj" Id="5a19dcab-4c74-4e68-b360-60ee8271df1a" />
    <Project Path="Tyuiu.PonkratevMM.Sprint1.Task1.V27.Test/Tyuiu.PonkratevMM.Sprint1.Task1.V27.Test.csproj" Id="f1209270-7335-4da1-934d-c2b2e6ed2eea" />
    <Project Path="Tyuiu.PonkratevMM.Sprint1.Task1.V27/Tyuiu.PonkratevMM.Sprint1.Task1.V27.csproj" Id="1578b83f-cb5c-440c-83f4-b654d9393651" />
  </Folder>
  <Folder Name="/Task2/">
    <Project Path="Tyuiu.PonkratevMM.Sprint1.Task2.V7.Lib/Tyuiu.PonkratevMM.Sprint1.Task2.V7.Lib.csproj" Id="9ef16618-2ab7-4e80-9b97-c716da9f6a83" />
    <Project Path="Tyuiu.PonkratevMM.Sprint1.Task2.V7.Test/Tyuiu.PonkratevMM.Sprint1.Task2.V7.Test.csproj" Id="b56c43ee-94b6-4a50-b7d0-033428b24e8f" />
    <Project Path="Tyuiu.PonkratevMM.Sprint1.Task2.V7/Tyuiu.PonkratevMM.Sprint1.Task2.V7.csproj" Id="4718c011-e077-479d-8bd0-43d91977ac7e" />
  </Folder>
  <Folder Name="/Task3/">
    <Project Path="Tyuiu.PonkratevMM.Sprint1.Task3.V18.Lib/Tyuiu.PonkratevMM.Sprint1.Task3.V18.Lib.csproj" Id="fb37fed5-ef19-49b8-925c-758844a1e464" />
    <Project Path="Tyuiu.PonkratevMM.Sprint1.Task3.V18.Test/Tyuiu.PonkratevMM.Sprint1.Task3.V18.Test.csproj" Id="62a7f66c-cb7c-49c4-b31d-d87912cb09e4" />
    <Project Path="Tyuiu.PonkratevMM.Sprint1.Task3.V18/Tyuiu.PonkratevMM.Sprint1.Task3.V18.csproj" Id="e9d41ce2-27f5-4e02-9730-3e39663034a6" />
  </Folder>
  <Folder Name="/Task4/">
    <Project Path="Tyuiu.PonkratevMM.Sprint1.Task4.V1.Lib/Tyuiu.PonkratevMM.Sprint1.Task4.V1.Lib.csproj" Id="61a1f433-692b-4928-a0bc-9f171998a7ce" />
    <Project Path="Tyuiu.PonkratevMM.Sprint1.Task4.V1.Test/Tyuiu.PonkratevMM.Sprint1.Task4.V1.Test.csproj" Id="8bb45b32-710b-47ef-894a-dcc8bb59f225" />
    <Project Path="Tyuiu.PonkratevMM.Sprint1.Task4.V1/Tyuiu.PonkratevMM.Sprint1.Task4.V1.csproj" Id="5296a228-b10f-4d7e-89f6-80288ad6ea51" />
  </Folder>
  <Folder Name="/Task5/">
    <Project Path="Tyuiu.PonkratevMM.Sprint1.Task5.V6.Lib/Tyuiu.PonkratevMM.Sprint1.Task5.V6.Lib.csproj" Id="2bacd318-47f3-44cd-8d5a-63022f62ec8f" />
    <Project Path="Tyuiu.PonkratevMM.Sprint1.Task5.V6.Test/Tyuiu.PonkratevMM.Sprint1.Task5.V6.Test.csproj" Id="99b40d17-e9ee-432d-8ecd-580182432f95" />
    <Project Path="Tyuiu.PonkratevMM.Sprint1.Task5.V6/Tyuiu.PonkratevMM.Sprint1.Task5.V6.csproj" Id="d96f7273-1d9b-4160-a976-4cfaf6f66314" />
  </Folder>
</Solution>
