<Solution>
  <Folder Name="/Task0/" />
  <Project Path="Tyuiu.PonkratevMM.Sprint1.Task0.V6.Lib/Tyuiu.PonkratevMM.Sprint1.Task0.V6.Lib.csproj" />
  <Project Path="Tyuiu.PonkratevMM.Sprint1.Task0.V6.Test/Tyuiu.PonkratevMM.Sprint1.Task0.V6.Test.csproj" />
  <Project Path="Tyuiu.PonkratevMM.Sprint1.Task0.V6/Tyuiu.PonkratevMM.Sprint1.Task0.V6.csproj" />
</Solution>
